PODS:
  - Edamame (0.1.17)
  - MirrorObject (0.1.4)
  - RxCocoa (2.6.0):
    - RxSwift (~> 2.5)
  - RxSwift (2.6.0)

DEPENDENCIES:
  - Edamame (from `../`)
  - MirrorObject
  - RxCocoa
  - RxSwift

EXTERNAL SOURCES:
  Edamame:
    :path: "../"

SPEC CHECKSUMS:
  Edamame: dfacb8621a4475b82559a1c1329fa59d33b773d7
  MirrorObject: 786e8a8da7e066a76030225a15377ac5af928aae
  RxCocoa: 89ab00d5753502520227940e3a0e0a0413683c6b
  RxSwift: 77f3a0b15324baa7a1c9bfa9f199648a82424e26

PODFILE CHECKSUM: 944508c57f7cc214f38f6e06b7f1985cd8129f95

COCOAPODS: 1.1.0.rc.2
