// !$*UTF8*$!
{
	archiveVersion = 1;
	classes = {
	};
	objectVersion = 46;
	objects = {

/* Begin PBXBuildFile section */
		607FACD61AFB9204008FA782 /* AppDelegate.swift in Sources */ = {isa = PBXBuildFile; fileRef = 607FACD51AFB9204008FA782 /* AppDelegate.swift */; };
		607FACD81AFB9204008FA782 /* ViewController.swift in Sources */ = {isa = PBXBuildFile; fileRef = 607FACD71AFB9204008FA782 /* ViewController.swift */; };
		607FACDB1AFB9204008FA782 /* Main.storyboard in Resources */ = {isa = PBXBuildFile; fileRef = 607FACD91AFB9204008FA782 /* Main.storyboard */; };
		607FACDD1AFB9204008FA782 /* Images.xcassets in Resources */ = {isa = PBXBuildFile; fileRef = 607FACDC1AFB9204008FA782 /* Images.xcassets */; };
		607FACE01AFB9204008FA782 /* LaunchScreen.xib in Resources */ = {isa = PBXBuildFile; fileRef = 607FACDE1AFB9204008FA782 /* LaunchScreen.xib */; };
		607FACEC1AFB9204008FA782 /* Tests.swift in Sources */ = {isa = PBXBuildFile; fileRef = 607FACEB1AFB9204008FA782 /* Tests.swift */; };
		6464BC0361D1347F6521A362 /* Pods_Edamame_Example.framework in Frameworks */ = {isa = PBXBuildFile; fileRef = AF49099DD3BF086FE6B1700B /* Pods_Edamame_Example.framework */; };
		E0F97A531F626636005D1B39 /* RxDemoHeaderCell.swift in Sources */ = {isa = PBXBuildFile; fileRef = E0F97A511F626636005D1B39 /* RxDemoHeaderCell.swift */; };
		E0F97A541F626636005D1B39 /* RxDemoHeaderCell.xib in Resources */ = {isa = PBXBuildFile; fileRef = E0F97A521F626636005D1B39 /* RxDemoHeaderCell.xib */; };
		F721F1F41C83166F00A7CEC0 /* DemoDynamicHeightCell.swift in Sources */ = {isa = PBXBuildFile; fileRef = F721F1F21C83166F00A7CEC0 /* DemoDynamicHeightCell.swift */; };
		F721F1F51C83166F00A7CEC0 /* DemoDynamicHeightCell.xib in Resources */ = {isa = PBXBuildFile; fileRef = F721F1F31C83166F00A7CEC0 /* DemoDynamicHeightCell.xib */; };
		F721F1F81C83399700A7CEC0 /* DemoCalcBackgroundCell.swift in Sources */ = {isa = PBXBuildFile; fileRef = F721F1F61C83399700A7CEC0 /* DemoCalcBackgroundCell.swift */; };
		F721F1F91C83399700A7CEC0 /* DemoCalcBackgroundCell.xib in Resources */ = {isa = PBXBuildFile; fileRef = F721F1F71C83399700A7CEC0 /* DemoCalcBackgroundCell.xib */; };
		F77B3A1C1C7B7924001CD511 /* DemoHeaderView.swift in Sources */ = {isa = PBXBuildFile; fileRef = F77B3A1B1C7B7924001CD511 /* DemoHeaderView.swift */; };
		F77B3A1E1C7B79FB001CD511 /* DemoHeaderView.xib in Resources */ = {isa = PBXBuildFile; fileRef = F77B3A1D1C7B79FB001CD511 /* DemoHeaderView.xib */; };
		F7C145121C70644A0046B4E0 /* DemoCell.swift in Sources */ = {isa = PBXBuildFile; fileRef = F7C1450E1C70644A0046B4E0 /* DemoCell.swift */; };
		F7C145131C70644A0046B4E0 /* DemoCell.xib in Resources */ = {isa = PBXBuildFile; fileRef = F7C1450F1C70644A0046B4E0 /* DemoCell.xib */; };
		F7C145141C70644A0046B4E0 /* DemoViewController.swift in Sources */ = {isa = PBXBuildFile; fileRef = F7C145101C70644A0046B4E0 /* DemoViewController.swift */; };
		F7C145151C70644A0046B4E0 /* DemoViewController.xib in Resources */ = {isa = PBXBuildFile; fileRef = F7C145111C70644A0046B4E0 /* DemoViewController.xib */; };
		F7F311671CD600C100A57C63 /* RxDemoCell.swift in Sources */ = {isa = PBXBuildFile; fileRef = F7F311651CD600C100A57C63 /* RxDemoCell.swift */; };
		F7F311681CD600C100A57C63 /* RxDemoCell.xib in Resources */ = {isa = PBXBuildFile; fileRef = F7F311661CD600C100A57C63 /* RxDemoCell.xib */; };
		F7F3116C1CD7284100A57C63 /* RxDemoViewController.swift in Sources */ = {isa = PBXBuildFile; fileRef = F7F3116A1CD7284100A57C63 /* RxDemoViewController.swift */; };
		F7F3116D1CD7284100A57C63 /* RxDemoViewController.xib in Resources */ = {isa = PBXBuildFile; fileRef = F7F3116B1CD7284100A57C63 /* RxDemoViewController.xib */; };
		F943BAE49BFDB60B0B5012A7 /* Pods_Edamame_Tests.framework in Frameworks */ = {isa = PBXBuildFile; fileRef = C745142774699748713D4AEF /* Pods_Edamame_Tests.framework */; };
/* End PBXBuildFile section */

/* Begin PBXContainerItemProxy section */
		607FACE61AFB9204008FA782 /* PBXContainerItemProxy */ = {
			isa = PBXContainerItemProxy;
			containerPortal = 607FACC81AFB9204008FA782 /* Project object */;
			proxyType = 1;
			remoteGlobalIDString = 607FACCF1AFB9204008FA782;
			remoteInfo = Edamame;
		};
/* End PBXContainerItemProxy section */

/* Begin PBXFileReference section */
		0DFEA41FFFCD62F7C0C54376 /* Pods-Edamame_Example.debug.xcconfig */ = {isa = PBXFileReference; includeInIndex = 1; lastKnownFileType = text.xcconfig; name = "Pods-Edamame_Example.debug.xcconfig"; path = "Pods/Target Support Files/Pods-Edamame_Example/Pods-Edamame_Example.debug.xcconfig"; sourceTree = "<group>"; };
		607FACD01AFB9204008FA782 /* Edamame_Example.app */ = {isa = PBXFileReference; explicitFileType = wrapper.application; includeInIndex = 0; path = Edamame_Example.app; sourceTree = BUILT_PRODUCTS_DIR; };
		607FACD41AFB9204008FA782 /* Info.plist */ = {isa = PBXFileReference; lastKnownFileType = text.plist.xml; path = Info.plist; sourceTree = "<group>"; };
		607FACD51AFB9204008FA782 /* AppDelegate.swift */ = {isa = PBXFileReference; lastKnownFileType = sourcecode.swift; path = AppDelegate.swift; sourceTree = "<group>"; };
		607FACD71AFB9204008FA782 /* ViewController.swift */ = {isa = PBXFileReference; lastKnownFileType = sourcecode.swift; path = ViewController.swift; sourceTree = "<group>"; };
		607FACDA1AFB9204008FA782 /* Base */ = {isa = PBXFileReference; lastKnownFileType = file.storyboard; name = Base; path = Base.lproj/Main.storyboard; sourceTree = "<group>"; };
		607FACDC1AFB9204008FA782 /* Images.xcassets */ = {isa = PBXFileReference; lastKnownFileType = folder.assetcatalog; path = Images.xcassets; sourceTree = "<group>"; };
		607FACDF1AFB9204008FA782 /* Base */ = {isa = PBXFileReference; lastKnownFileType = file.xib; name = Base; path = Base.lproj/LaunchScreen.xib; sourceTree = "<group>"; };
		607FACE51AFB9204008FA782 /* Edamame_Tests.xctest */ = {isa = PBXFileReference; explicitFileType = wrapper.cfbundle; includeInIndex = 0; path = Edamame_Tests.xctest; sourceTree = BUILT_PRODUCTS_DIR; };
		607FACEA1AFB9204008FA782 /* Info.plist */ = {isa = PBXFileReference; lastKnownFileType = text.plist.xml; path = Info.plist; sourceTree = "<group>"; };
		607FACEB1AFB9204008FA782 /* Tests.swift */ = {isa = PBXFileReference; lastKnownFileType = sourcecode.swift; path = Tests.swift; sourceTree = "<group>"; };
		AF49099DD3BF086FE6B1700B /* Pods_Edamame_Example.framework */ = {isa = PBXFileReference; explicitFileType = wrapper.framework; includeInIndex = 0; path = Pods_Edamame_Example.framework; sourceTree = BUILT_PRODUCTS_DIR; };
		BCC38521BD90792BA614BCB3 /* Pods-Edamame_Example.release.xcconfig */ = {isa = PBXFileReference; includeInIndex = 1; lastKnownFileType = text.xcconfig; name = "Pods-Edamame_Example.release.xcconfig"; path = "Pods/Target Support Files/Pods-Edamame_Example/Pods-Edamame_Example.release.xcconfig"; sourceTree = "<group>"; };
		BF09D770C724BAC5EF92CEF4 /* README.md */ = {isa = PBXFileReference; includeInIndex = 1; lastKnownFileType = net.daringfireball.markdown; name = README.md; path = ../README.md; sourceTree = "<group>"; };
		C745142774699748713D4AEF /* Pods_Edamame_Tests.framework */ = {isa = PBXFileReference; explicitFileType = wrapper.framework; includeInIndex = 0; path = Pods_Edamame_Tests.framework; sourceTree = BUILT_PRODUCTS_DIR; };
		CB48CC5A7BDFA766D0FA059E /* Pods-Edamame_Tests.debug.xcconfig */ = {isa = PBXFileReference; includeInIndex = 1; lastKnownFileType = text.xcconfig; name = "Pods-Edamame_Tests.debug.xcconfig"; path = "Pods/Target Support Files/Pods-Edamame_Tests/Pods-Edamame_Tests.debug.xcconfig"; sourceTree = "<group>"; };
		DBDB6FAE106C4B91ECB3004A /* LICENSE */ = {isa = PBXFileReference; includeInIndex = 1; lastKnownFileType = text; name = LICENSE; path = ../LICENSE; sourceTree = "<group>"; };
		E0F97A511F626636005D1B39 /* RxDemoHeaderCell.swift */ = {isa = PBXFileReference; fileEncoding = 4; lastKnownFileType = sourcecode.swift; name = RxDemoHeaderCell.swift; path = RxSwiftDemo/RxDemoHeaderCell.swift; sourceTree = "<group>"; };
		E0F97A521F626636005D1B39 /* RxDemoHeaderCell.xib */ = {isa = PBXFileReference; fileEncoding = 4; lastKnownFileType = file.xib; name = RxDemoHeaderCell.xib; path = RxSwiftDemo/RxDemoHeaderCell.xib; sourceTree = "<group>"; };
		F721F1F21C83166F00A7CEC0 /* DemoDynamicHeightCell.swift */ = {isa = PBXFileReference; fileEncoding = 4; lastKnownFileType = sourcecode.swift; path = DemoDynamicHeightCell.swift; sourceTree = "<group>"; };
		F721F1F31C83166F00A7CEC0 /* DemoDynamicHeightCell.xib */ = {isa = PBXFileReference; fileEncoding = 4; lastKnownFileType = file.xib; path = DemoDynamicHeightCell.xib; sourceTree = "<group>"; };
		F721F1F61C83399700A7CEC0 /* DemoCalcBackgroundCell.swift */ = {isa = PBXFileReference; fileEncoding = 4; lastKnownFileType = sourcecode.swift; path = DemoCalcBackgroundCell.swift; sourceTree = "<group>"; };
		F721F1F71C83399700A7CEC0 /* DemoCalcBackgroundCell.xib */ = {isa = PBXFileReference; fileEncoding = 4; lastKnownFileType = file.xib; path = DemoCalcBackgroundCell.xib; sourceTree = "<group>"; };
		F77B3A1B1C7B7924001CD511 /* DemoHeaderView.swift */ = {isa = PBXFileReference; fileEncoding = 4; lastKnownFileType = sourcecode.swift; path = DemoHeaderView.swift; sourceTree = "<group>"; };
		F77B3A1D1C7B79FB001CD511 /* DemoHeaderView.xib */ = {isa = PBXFileReference; fileEncoding = 4; lastKnownFileType = file.xib; path = DemoHeaderView.xib; sourceTree = "<group>"; };
		F7C1450E1C70644A0046B4E0 /* DemoCell.swift */ = {isa = PBXFileReference; fileEncoding = 4; lastKnownFileType = sourcecode.swift; path = DemoCell.swift; sourceTree = "<group>"; };
		F7C1450F1C70644A0046B4E0 /* DemoCell.xib */ = {isa = PBXFileReference; fileEncoding = 4; lastKnownFileType = file.xib; path = DemoCell.xib; sourceTree = "<group>"; };
		F7C145101C70644A0046B4E0 /* DemoViewController.swift */ = {isa = PBXFileReference; fileEncoding = 4; lastKnownFileType = sourcecode.swift; path = DemoViewController.swift; sourceTree = "<group>"; };
		F7C145111C70644A0046B4E0 /* DemoViewController.xib */ = {isa = PBXFileReference; fileEncoding = 4; lastKnownFileType = file.xib; path = DemoViewController.xib; sourceTree = "<group>"; };
		F7F311651CD600C100A57C63 /* RxDemoCell.swift */ = {isa = PBXFileReference; fileEncoding = 4; lastKnownFileType = sourcecode.swift; name = RxDemoCell.swift; path = RxSwiftDemo/RxDemoCell.swift; sourceTree = "<group>"; };
		F7F311661CD600C100A57C63 /* RxDemoCell.xib */ = {isa = PBXFileReference; fileEncoding = 4; lastKnownFileType = file.xib; name = RxDemoCell.xib; path = RxSwiftDemo/RxDemoCell.xib; sourceTree = "<group>"; };
		F7F3116A1CD7284100A57C63 /* RxDemoViewController.swift */ = {isa = PBXFileReference; fileEncoding = 4; lastKnownFileType = sourcecode.swift; name = RxDemoViewController.swift; path = RxSwiftDemo/RxDemoViewController.swift; sourceTree = "<group>"; };
		F7F3116B1CD7284100A57C63 /* RxDemoViewController.xib */ = {isa = PBXFileReference; fileEncoding = 4; lastKnownFileType = file.xib; name = RxDemoViewController.xib; path = RxSwiftDemo/RxDemoViewController.xib; sourceTree = "<group>"; };
		F98F45A08819BDD96DAA8CE0 /* Pods-Edamame_Tests.release.xcconfig */ = {isa = PBXFileReference; includeInIndex = 1; lastKnownFileType = text.xcconfig; name = "Pods-Edamame_Tests.release.xcconfig"; path = "Pods/Target Support Files/Pods-Edamame_Tests/Pods-Edamame_Tests.release.xcconfig"; sourceTree = "<group>"; };
		FE986DA745AD6DD024D08FDB /* Edamame.podspec */ = {isa = PBXFileReference; includeInIndex = 1; lastKnownFileType = text; name = Edamame.podspec; path = ../Edamame.podspec; sourceTree = "<group>"; };
/* End PBXFileReference section */

/* Begin PBXFrameworksBuildPhase section */
		607FACCD1AFB9204008FA782 /* Frameworks */ = {
			isa = PBXFrameworksBuildPhase;
			buildActionMask = 2147483647;
			files = (
				6464BC0361D1347F6521A362 /* Pods_Edamame_Example.framework in Frameworks */,
			);
			runOnlyForDeploymentPostprocessing = 0;
		};
		607FACE21AFB9204008FA782 /* Frameworks */ = {
			isa = PBXFrameworksBuildPhase;
			buildActionMask = 2147483647;
			files = (
				F943BAE49BFDB60B0B5012A7 /* Pods_Edamame_Tests.framework in Frameworks */,
			);
			runOnlyForDeploymentPostprocessing = 0;
		};
/* End PBXFrameworksBuildPhase section */

/* Begin PBXGroup section */
		08409AE03EFBA2B77DD05BF1 /* Frameworks */ = {
			isa = PBXGroup;
			children = (
				AF49099DD3BF086FE6B1700B /* Pods_Edamame_Example.framework */,
				C745142774699748713D4AEF /* Pods_Edamame_Tests.framework */,
			);
			name = Frameworks;
			sourceTree = "<group>";
		};
		607FACC71AFB9204008FA782 = {
			isa = PBXGroup;
			children = (
				607FACF51AFB993E008FA782 /* Podspec Metadata */,
				607FACD21AFB9204008FA782 /* Example for Edamame */,
				607FACE81AFB9204008FA782 /* Tests */,
				607FACD11AFB9204008FA782 /* Products */,
				C3CD0F99AC64D60FE0192882 /* Pods */,
				08409AE03EFBA2B77DD05BF1 /* Frameworks */,
			);
			sourceTree = "<group>";
		};
		607FACD11AFB9204008FA782 /* Products */ = {
			isa = PBXGroup;
			children = (
				607FACD01AFB9204008FA782 /* Edamame_Example.app */,
				607FACE51AFB9204008FA782 /* Edamame_Tests.xctest */,
			);
			name = Products;
			sourceTree = "<group>";
		};
		607FACD21AFB9204008FA782 /* Example for Edamame */ = {
			isa = PBXGroup;
			children = (
				F7C1450D1C70644A0046B4E0 /* SimpleDemo */,
				F7F311691CD7281000A57C63 /* RxSwiftDemo */,
				607FACD51AFB9204008FA782 /* AppDelegate.swift */,
				607FACD71AFB9204008FA782 /* ViewController.swift */,
				607FACD91AFB9204008FA782 /* Main.storyboard */,
				607FACDC1AFB9204008FA782 /* Images.xcassets */,
				607FACDE1AFB9204008FA782 /* LaunchScreen.xib */,
				607FACD31AFB9204008FA782 /* Supporting Files */,
			);
			name = "Example for Edamame";
			path = Edamame;
			sourceTree = "<group>";
		};
		607FACD31AFB9204008FA782 /* Supporting Files */ = {
			isa = PBXGroup;
			children = (
				607FACD41AFB9204008FA782 /* Info.plist */,
			);
			name = "Supporting Files";
			sourceTree = "<group>";
		};
		607FACE81AFB9204008FA782 /* Tests */ = {
			isa = PBXGroup;
			children = (
				607FACEB1AFB9204008FA782 /* Tests.swift */,
				607FACE91AFB9204008FA782 /* Supporting Files */,
			);
			path = Tests;
			sourceTree = "<group>";
		};
		607FACE91AFB9204008FA782 /* Supporting Files */ = {
			isa = PBXGroup;
			children = (
				607FACEA1AFB9204008FA782 /* Info.plist */,
			);
			name = "Supporting Files";
			sourceTree = "<group>";
		};
		607FACF51AFB993E008FA782 /* Podspec Metadata */ = {
			isa = PBXGroup;
			children = (
				FE986DA745AD6DD024D08FDB /* Edamame.podspec */,
				BF09D770C724BAC5EF92CEF4 /* README.md */,
				DBDB6FAE106C4B91ECB3004A /* LICENSE */,
			);
			name = "Podspec Metadata";
			sourceTree = "<group>";
		};
		C3CD0F99AC64D60FE0192882 /* Pods */ = {
			isa = PBXGroup;
			children = (
				0DFEA41FFFCD62F7C0C54376 /* Pods-Edamame_Example.debug.xcconfig */,
				BCC38521BD90792BA614BCB3 /* Pods-Edamame_Example.release.xcconfig */,
				CB48CC5A7BDFA766D0FA059E /* Pods-Edamame_Tests.debug.xcconfig */,
				F98F45A08819BDD96DAA8CE0 /* Pods-Edamame_Tests.release.xcconfig */,
			);
			name = Pods;
			sourceTree = "<group>";
		};
		F7C1450D1C70644A0046B4E0 /* SimpleDemo */ = {
			isa = PBXGroup;
			children = (
				F7C1450E1C70644A0046B4E0 /* DemoCell.swift */,
				F7C1450F1C70644A0046B4E0 /* DemoCell.xib */,
				F721F1F21C83166F00A7CEC0 /* DemoDynamicHeightCell.swift */,
				F721F1F31C83166F00A7CEC0 /* DemoDynamicHeightCell.xib */,
				F721F1F61C83399700A7CEC0 /* DemoCalcBackgroundCell.swift */,
				F721F1F71C83399700A7CEC0 /* DemoCalcBackgroundCell.xib */,
				F77B3A1B1C7B7924001CD511 /* DemoHeaderView.swift */,
				F77B3A1D1C7B79FB001CD511 /* DemoHeaderView.xib */,
				F7C145101C70644A0046B4E0 /* DemoViewController.swift */,
				F7C145111C70644A0046B4E0 /* DemoViewController.xib */,
			);
			path = SimpleDemo;
			sourceTree = "<group>";
		};
		F7F311691CD7281000A57C63 /* RxSwiftDemo */ = {
			isa = PBXGroup;
			children = (
				F7F311651CD600C100A57C63 /* RxDemoCell.swift */,
				F7F311661CD600C100A57C63 /* RxDemoCell.xib */,
				F7F3116A1CD7284100A57C63 /* RxDemoViewController.swift */,
				F7F3116B1CD7284100A57C63 /* RxDemoViewController.xib */,
				E0F97A511F626636005D1B39 /* RxDemoHeaderCell.swift */,
				E0F97A521F626636005D1B39 /* RxDemoHeaderCell.xib */,
			);
			name = RxSwiftDemo;
			sourceTree = "<group>";
		};
/* End PBXGroup section */

/* Begin PBXNativeTarget section */
		607FACCF1AFB9204008FA782 /* Edamame_Example */ = {
			isa = PBXNativeTarget;
			buildConfigurationList = 607FACEF1AFB9204008FA782 /* Build configuration list for PBXNativeTarget "Edamame_Example" */;
			buildPhases = (
				4891A0A75B41D38948978596 /* [CP] Check Pods Manifest.lock */,
				607FACCC1AFB9204008FA782 /* Sources */,
				607FACCD1AFB9204008FA782 /* Frameworks */,
				607FACCE1AFB9204008FA782 /* Resources */,
				A80CC6459B7FCE7618828503 /* [CP] Embed Pods Frameworks */,
				613DFCB69A5731D5913ECA17 /* [CP] Copy Pods Resources */,
			);
			buildRules = (
			);
			dependencies = (
			);
			name = Edamame_Example;
			productName = Edamame;
			productReference = 607FACD01AFB9204008FA782 /* Edamame_Example.app */;
			productType = "com.apple.product-type.application";
		};
		607FACE41AFB9204008FA782 /* Edamame_Tests */ = {
			isa = PBXNativeTarget;
			buildConfigurationList = 607FACF21AFB9204008FA782 /* Build configuration list for PBXNativeTarget "Edamame_Tests" */;
			buildPhases = (
				2BFF55C2FA8F423C105EF872 /* [CP] Check Pods Manifest.lock */,
				607FACE11AFB9204008FA782 /* Sources */,
				607FACE21AFB9204008FA782 /* Frameworks */,
				607FACE31AFB9204008FA782 /* Resources */,
				F0B993BB7213BF0CB4673E09 /* [CP] Embed Pods Frameworks */,
				0AD4BE7EEBC3813D83FFDC17 /* [CP] Copy Pods Resources */,
			);
			buildRules = (
			);
			dependencies = (
				607FACE71AFB9204008FA782 /* PBXTargetDependency */,
			);
			name = Edamame_Tests;
			productName = Tests;
			productReference = 607FACE51AFB9204008FA782 /* Edamame_Tests.xctest */;
			productType = "com.apple.product-type.bundle.unit-test";
		};
/* End PBXNativeTarget section */

/* Begin PBXProject section */
		607FACC81AFB9204008FA782 /* Project object */ = {
			isa = PBXProject;
			attributes = {
				LastSwiftUpdateCheck = 0720;
				LastUpgradeCheck = 0810;
				ORGANIZATIONNAME = CocoaPods;
				TargetAttributes = {
					607FACCF1AFB9204008FA782 = {
						CreatedOnToolsVersion = 6.3.1;
						DevelopmentTeam = 4C8JT73Z27;
						LastSwiftMigration = 0810;
					};
					607FACE41AFB9204008FA782 = {
						CreatedOnToolsVersion = 6.3.1;
						LastSwiftMigration = 0810;
						TestTargetID = 607FACCF1AFB9204008FA782;
					};
				};
			};
			buildConfigurationList = 607FACCB1AFB9204008FA782 /* Build configuration list for PBXProject "Edamame" */;
			compatibilityVersion = "Xcode 3.2";
			developmentRegion = English;
			hasScannedForEncodings = 0;
			knownRegions = (
				en,
				Base,
			);
			mainGroup = 607FACC71AFB9204008FA782;
			productRefGroup = 607FACD11AFB9204008FA782 /* Products */;
			projectDirPath = "";
			projectRoot = "";
			targets = (
				607FACCF1AFB9204008FA782 /* Edamame_Example */,
				607FACE41AFB9204008FA782 /* Edamame_Tests */,
			);
		};
/* End PBXProject section */

/* Begin PBXResourcesBuildPhase section */
		607FACCE1AFB9204008FA782 /* Resources */ = {
			isa = PBXResourcesBuildPhase;
			buildActionMask = 2147483647;
			files = (
				F7C145151C70644A0046B4E0 /* DemoViewController.xib in Resources */,
				F721F1F91C83399700A7CEC0 /* DemoCalcBackgroundCell.xib in Resources */,
				F721F1F51C83166F00A7CEC0 /* DemoDynamicHeightCell.xib in Resources */,
				607FACDB1AFB9204008FA782 /* Main.storyboard in Resources */,
				607FACE01AFB9204008FA782 /* LaunchScreen.xib in Resources */,
				F7F311681CD600C100A57C63 /* RxDemoCell.xib in Resources */,
				F7C145131C70644A0046B4E0 /* DemoCell.xib in Resources */,
				E0F97A541F626636005D1B39 /* RxDemoHeaderCell.xib in Resources */,
				F77B3A1E1C7B79FB001CD511 /* DemoHeaderView.xib in Resources */,
				F7F3116D1CD7284100A57C63 /* RxDemoViewController.xib in Resources */,
				607FACDD1AFB9204008FA782 /* Images.xcassets in Resources */,
			);
			runOnlyForDeploymentPostprocessing = 0;
		};
		607FACE31AFB9204008FA782 /* Resources */ = {
			isa = PBXResourcesBuildPhase;
			buildActionMask = 2147483647;
			files = (
			);
			runOnlyForDeploymentPostprocessing = 0;
		};
/* End PBXResourcesBuildPhase section */

/* Begin PBXShellScriptBuildPhase section */
		0AD4BE7EEBC3813D83FFDC17 /* [CP] Copy Pods Resources */ = {
			isa = PBXShellScriptBuildPhase;
			buildActionMask = 2147483647;
			files = (
			);
			inputPaths = (
			);
			name = "[CP] Copy Pods Resources";
			outputPaths = (
			);
			runOnlyForDeploymentPostprocessing = 0;
			shellPath = /bin/sh;
			shellScript = "\"${SRCROOT}/Pods/Target Support Files/Pods-Edamame_Tests/Pods-Edamame_Tests-resources.sh\"\n";
			showEnvVarsInLog = 0;
		};
		2BFF55C2FA8F423C105EF872 /* [CP] Check Pods Manifest.lock */ = {
			isa = PBXShellScriptBuildPhase;
			buildActionMask = 2147483647;
			files = (
			);
			inputPaths = (
			);
			name = "[CP] Check Pods Manifest.lock";
			outputPaths = (
			);
			runOnlyForDeploymentPostprocessing = 0;
			shellPath = /bin/sh;
			shellScript = "diff \"${PODS_PODFILE_DIR_PATH}/Podfile.lock\" \"${PODS_ROOT}/Manifest.lock\" > /dev/null\nif [ $? != 0 ] ; then\n    # print error to STDERR\n    echo \"error: The sandbox is not in sync with the Podfile.lock. Run 'pod install' or update your CocoaPods installation.\" >&2\n    exit 1\nfi\n";
			showEnvVarsInLog = 0;
		};
		4891A0A75B41D38948978596 /* [CP] Check Pods Manifest.lock */ = {
			isa = PBXShellScriptBuildPhase;
			buildActionMask = 2147483647;
			files = (
			);
			inputPaths = (
			);
			name = "[CP] Check Pods Manifest.lock";
			outputPaths = (
			);
			runOnlyForDeploymentPostprocessing = 0;
			shellPath = /bin/sh;
			shellScript = "diff \"${PODS_PODFILE_DIR_PATH}/Podfile.lock\" \"${PODS_ROOT}/Manifest.lock\" > /dev/null\nif [ $? != 0 ] ; then\n    # print error to STDERR\n    echo \"error: The sandbox is not in sync with the Podfile.lock. Run 'pod install' or update your CocoaPods installation.\" >&2\n    exit 1\nfi\n";
			showEnvVarsInLog = 0;
		};
		613DFCB69A5731D5913ECA17 /* [CP] Copy Pods Resources */ = {
			isa = PBXShellScriptBuildPhase;
			buildActionMask = 2147483647;
			files = (
			);
			inputPaths = (
			);
			name = "[CP] Copy Pods Resources";
			outputPaths = (
			);
			runOnlyForDeploymentPostprocessing = 0;
			shellPath = /bin/sh;
			shellScript = "\"${SRCROOT}/Pods/Target Support Files/Pods-Edamame_Example/Pods-Edamame_Example-resources.sh\"\n";
			showEnvVarsInLog = 0;
		};
		A80CC6459B7FCE7618828503 /* [CP] Embed Pods Frameworks */ = {
			isa = PBXShellScriptBuildPhase;
			buildActionMask = 2147483647;
			files = (
			);
			inputPaths = (
			);
			name = "[CP] Embed Pods Frameworks";
			outputPaths = (
			);
			runOnlyForDeploymentPostprocessing = 0;
			shellPath = /bin/sh;
			shellScript = "\"${SRCROOT}/Pods/Target Support Files/Pods-Edamame_Example/Pods-Edamame_Example-frameworks.sh\"\n";
			showEnvVarsInLog = 0;
		};
		F0B993BB7213BF0CB4673E09 /* [CP] Embed Pods Frameworks */ = {
			isa = PBXShellScriptBuildPhase;
			buildActionMask = 2147483647;
			files = (
			);
			inputPaths = (
			);
			name = "[CP] Embed Pods Frameworks";
			outputPaths = (
			);
			runOnlyForDeploymentPostprocessing = 0;
			shellPath = /bin/sh;
			shellScript = "\"${SRCROOT}/Pods/Target Support Files/Pods-Edamame_Tests/Pods-Edamame_Tests-frameworks.sh\"\n";
			showEnvVarsInLog = 0;
		};
/* End PBXShellScriptBuildPhase section */

/* Begin PBXSourcesBuildPhase section */
		607FACCC1AFB9204008FA782 /* Sources */ = {
			isa = PBXSourcesBuildPhase;
			buildActionMask = 2147483647;
			files = (
				F7F311671CD600C100A57C63 /* RxDemoCell.swift in Sources */,
				F721F1F81C83399700A7CEC0 /* DemoCalcBackgroundCell.swift in Sources */,
				F7F3116C1CD7284100A57C63 /* RxDemoViewController.swift in Sources */,
				F721F1F41C83166F00A7CEC0 /* DemoDynamicHeightCell.swift in Sources */,
				607FACD81AFB9204008FA782 /* ViewController.swift in Sources */,
				F77B3A1C1C7B7924001CD511 /* DemoHeaderView.swift in Sources */,
				F7C145141C70644A0046B4E0 /* DemoViewController.swift in Sources */,
				E0F97A531F626636005D1B39 /* RxDemoHeaderCell.swift in Sources */,
				607FACD61AFB9204008FA782 /* AppDelegate.swift in Sources */,
				F7C145121C70644A0046B4E0 /* DemoCell.swift in Sources */,
			);
			runOnlyForDeploymentPostprocessing = 0;
		};
		607FACE11AFB9204008FA782 /* Sources */ = {
			isa = PBXSourcesBuildPhase;
			buildActionMask = 2147483647;
			files = (
				607FACEC1AFB9204008FA782 /* Tests.swift in Sources */,
			);
			runOnlyForDeploymentPostprocessing = 0;
		};
/* End PBXSourcesBuildPhase section */

/* Begin PBXTargetDependency section */
		607FACE71AFB9204008FA782 /* PBXTargetDependency */ = {
			isa = PBXTargetDependency;
			target = 607FACCF1AFB9204008FA782 /* Edamame_Example */;
			targetProxy = 607FACE61AFB9204008FA782 /* PBXContainerItemProxy */;
		};
/* End PBXTargetDependency section */

/* Begin PBXVariantGroup section */
		607FACD91AFB9204008FA782 /* Main.storyboard */ = {
			isa = PBXVariantGroup;
			children = (
				607FACDA1AFB9204008FA782 /* Base */,
			);
			name = Main.storyboard;
			sourceTree = "<group>";
		};
		607FACDE1AFB9204008FA782 /* LaunchScreen.xib */ = {
			isa = PBXVariantGroup;
			children = (
				607FACDF1AFB9204008FA782 /* Base */,
			);
			name = LaunchScreen.xib;
			sourceTree = "<group>";
		};
/* End PBXVariantGroup section */

/* Begin XCBuildConfiguration section */
		607FACED1AFB9204008FA782 /* Debug */ = {
			isa = XCBuildConfiguration;
			buildSettings = {
				ALWAYS_SEARCH_USER_PATHS = NO;
				CLANG_CXX_LANGUAGE_STANDARD = "gnu++0x";
				CLANG_CXX_LIBRARY = "libc++";
				CLANG_ENABLE_MODULES = YES;
				CLANG_ENABLE_OBJC_ARC = YES;
				CLANG_WARN_BOOL_CONVERSION = YES;
				CLANG_WARN_CONSTANT_CONVERSION = YES;
				CLANG_WARN_DIRECT_OBJC_ISA_USAGE = YES_ERROR;
				CLANG_WARN_EMPTY_BODY = YES;
				CLANG_WARN_ENUM_CONVERSION = YES;
				CLANG_WARN_INFINITE_RECURSION = YES;
				CLANG_WARN_INT_CONVERSION = YES;
				CLANG_WARN_OBJC_ROOT_CLASS = YES_ERROR;
				CLANG_WARN_SUSPICIOUS_MOVE = YES;
				CLANG_WARN_UNREACHABLE_CODE = YES;
				CLANG_WARN__DUPLICATE_METHOD_MATCH = YES;
				"CODE_SIGN_IDENTITY[sdk=iphoneos*]" = "iPhone Developer";
				COPY_PHASE_STRIP = NO;
				DEBUG_INFORMATION_FORMAT = "dwarf-with-dsym";
				ENABLE_STRICT_OBJC_MSGSEND = YES;
				ENABLE_TESTABILITY = YES;
				GCC_C_LANGUAGE_STANDARD = gnu99;
				GCC_DYNAMIC_NO_PIC = NO;
				GCC_NO_COMMON_BLOCKS = YES;
				GCC_OPTIMIZATION_LEVEL = 0;
				GCC_PREPROCESSOR_DEFINITIONS = (
					"DEBUG=1",
					"$(inherited)",
				);
				GCC_SYMBOLS_PRIVATE_EXTERN = NO;
				GCC_WARN_64_TO_32_BIT_CONVERSION = YES;
				GCC_WARN_ABOUT_RETURN_TYPE = YES_ERROR;
				GCC_WARN_UNDECLARED_SELECTOR = YES;
				GCC_WARN_UNINITIALIZED_AUTOS = YES_AGGRESSIVE;
				GCC_WARN_UNUSED_FUNCTION = YES;
				GCC_WARN_UNUSED_VARIABLE = YES;
				IPHONEOS_DEPLOYMENT_TARGET = 8.0;
				MTL_ENABLE_DEBUG_INFO = YES;
				ONLY_ACTIVE_ARCH = YES;
				SDKROOT = iphoneos;
				SWIFT_OPTIMIZATION_LEVEL = "-Onone";
				SWIFT_VERSION = 3.0.1;
			};
			name = Debug;
		};
		607FACEE1AFB9204008FA782 /* Release */ = {
			isa = XCBuildConfiguration;
			buildSettings = {
				ALWAYS_SEARCH_USER_PATHS = NO;
				CLANG_CXX_LANGUAGE_STANDARD = "gnu++0x";
				CLANG_CXX_LIBRARY = "libc++";
				CLANG_ENABLE_MODULES = YES;
				CLANG_ENABLE_OBJC_ARC = YES;
				CLANG_WARN_BOOL_CONVERSION = YES;
				CLANG_WARN_CONSTANT_CONVERSION = YES;
				CLANG_WARN_DIRECT_OBJC_ISA_USAGE = YES_ERROR;
				CLANG_WARN_EMPTY_BODY = YES;
				CLANG_WARN_ENUM_CONVERSION = YES;
				CLANG_WARN_INFINITE_RECURSION = YES;
				CLANG_WARN_INT_CONVERSION = YES;
				CLANG_WARN_OBJC_ROOT_CLASS = YES_ERROR;
				CLANG_WARN_SUSPICIOUS_MOVE = YES;
				CLANG_WARN_UNREACHABLE_CODE = YES;
				CLANG_WARN__DUPLICATE_METHOD_MATCH = YES;
				"CODE_SIGN_IDENTITY[sdk=iphoneos*]" = "iPhone Developer";
				COPY_PHASE_STRIP = NO;
				DEBUG_INFORMATION_FORMAT = "dwarf-with-dsym";
				ENABLE_NS_ASSERTIONS = NO;
				ENABLE_STRICT_OBJC_MSGSEND = YES;
				GCC_C_LANGUAGE_STANDARD = gnu99;
				GCC_NO_COMMON_BLOCKS = YES;
				GCC_WARN_64_TO_32_BIT_CONVERSION = YES;
				GCC_WARN_ABOUT_RETURN_TYPE = YES_ERROR;
				GCC_WARN_UNDECLARED_SELECTOR = YES;
				GCC_WARN_UNINITIALIZED_AUTOS = YES_AGGRESSIVE;
				GCC_WARN_UNUSED_FUNCTION = YES;
				GCC_WARN_UNUSED_VARIABLE = YES;
				IPHONEOS_DEPLOYMENT_TARGET = 8.0;
				MTL_ENABLE_DEBUG_INFO = NO;
				SDKROOT = iphoneos;
				SWIFT_OPTIMIZATION_LEVEL = "-Owholemodule";
				SWIFT_VERSION = 3.0.1;
				VALIDATE_PRODUCT = YES;
			};
			name = Release;
		};
		607FACF01AFB9204008FA782 /* Debug */ = {
			isa = XCBuildConfiguration;
			baseConfigurationReference = 0DFEA41FFFCD62F7C0C54376 /* Pods-Edamame_Example.debug.xcconfig */;
			buildSettings = {
				ALWAYS_EMBED_SWIFT_STANDARD_LIBRARIES = "$(inherited)";
				ASSETCATALOG_COMPILER_APPICON_NAME = AppIcon;
				CODE_SIGN_IDENTITY = "iPhone Developer";
				"CODE_SIGN_IDENTITY[sdk=iphoneos*]" = "iPhone Developer";
				DEVELOPMENT_TEAM = 4C8JT73Z27;
				INFOPLIST_FILE = Edamame/Info.plist;
				LD_RUNPATH_SEARCH_PATHS = "$(inherited) @executable_path/Frameworks";
				MODULE_NAME = ExampleApp;
				PRODUCT_BUNDLE_IDENTIFIER = "org.cocoapods.demo.$(PRODUCT_NAME:rfc1034identifier)";
				PRODUCT_NAME = "$(TARGET_NAME)";
				PROVISIONING_PROFILE = "";
			};
			name = Debug;
		};
		607FACF11AFB9204008FA782 /* Release */ = {
			isa = XCBuildConfiguration;
			baseConfigurationReference = BCC38521BD90792BA614BCB3 /* Pods-Edamame_Example.release.xcconfig */;
			buildSettings = {
				ALWAYS_EMBED_SWIFT_STANDARD_LIBRARIES = "$(inherited)";
				ASSETCATALOG_COMPILER_APPICON_NAME = AppIcon;
				CODE_SIGN_IDENTITY = "iPhone Developer";
				"CODE_SIGN_IDENTITY[sdk=iphoneos*]" = "iPhone Developer";
				DEVELOPMENT_TEAM = 4C8JT73Z27;
				INFOPLIST_FILE = Edamame/Info.plist;
				LD_RUNPATH_SEARCH_PATHS = "$(inherited) @executable_path/Frameworks";
				MODULE_NAME = ExampleApp;
				PRODUCT_BUNDLE_IDENTIFIER = "org.cocoapods.demo.$(PRODUCT_NAME:rfc1034identifier)";
				PRODUCT_NAME = "$(TARGET_NAME)";
				PROVISIONING_PROFILE = "";
			};
			name = Release;
		};
		607FACF31AFB9204008FA782 /* Debug */ = {
			isa = XCBuildConfiguration;
			baseConfigurationReference = CB48CC5A7BDFA766D0FA059E /* Pods-Edamame_Tests.debug.xcconfig */;
			buildSettings = {
				ALWAYS_EMBED_SWIFT_STANDARD_LIBRARIES = "$(inherited)";
				BUNDLE_LOADER = "$(TEST_HOST)";
				FRAMEWORK_SEARCH_PATHS = (
					"$(SDKROOT)/Developer/Library/Frameworks",
					"$(inherited)",
				);
				GCC_PREPROCESSOR_DEFINITIONS = (
					"DEBUG=1",
					"$(inherited)",
				);
				INFOPLIST_FILE = Tests/Info.plist;
				LD_RUNPATH_SEARCH_PATHS = "$(inherited) @executable_path/Frameworks @loader_path/Frameworks";
				PRODUCT_BUNDLE_IDENTIFIER = "org.cocoapods.$(PRODUCT_NAME:rfc1034identifier)";
				PRODUCT_NAME = "$(TARGET_NAME)";
				TEST_HOST = "$(BUILT_PRODUCTS_DIR)/Edamame_Example.app/Edamame_Example";
			};
			name = Debug;
		};
		607FACF41AFB9204008FA782 /* Release */ = {
			isa = XCBuildConfiguration;
			baseConfigurationReference = F98F45A08819BDD96DAA8CE0 /* Pods-Edamame_Tests.release.xcconfig */;
			buildSettings = {
				ALWAYS_EMBED_SWIFT_STANDARD_LIBRARIES = "$(inherited)";
				BUNDLE_LOADER = "$(TEST_HOST)";
				FRAMEWORK_SEARCH_PATHS = (
					"$(SDKROOT)/Developer/Library/Frameworks",
					"$(inherited)",
				);
				INFOPLIST_FILE = Tests/Info.plist;
				LD_RUNPATH_SEARCH_PATHS = "$(inherited) @executable_path/Frameworks @loader_path/Frameworks";
				PRODUCT_BUNDLE_IDENTIFIER = "org.cocoapods.$(PRODUCT_NAME:rfc1034identifier)";
				PRODUCT_NAME = "$(TARGET_NAME)";
				TEST_HOST = "$(BUILT_PRODUCTS_DIR)/Edamame_Example.app/Edamame_Example";
			};
			name = Release;
		};
/* End XCBuildConfiguration section */

/* Begin XCConfigurationList section */
		607FACCB1AFB9204008FA782 /* Build configuration list for PBXProject "Edamame" */ = {
			isa = XCConfigurationList;
			buildConfigurations = (
				607FACED1AFB9204008FA782 /* Debug */,
				607FACEE1AFB9204008FA782 /* Release */,
			);
			defaultConfigurationIsVisible = 0;
			defaultConfigurationName = Release;
		};
		607FACEF1AFB9204008FA782 /* Build configuration list for PBXNativeTarget "Edamame_Example" */ = {
			isa = XCConfigurationList;
			buildConfigurations = (
				607FACF01AFB9204008FA782 /* Debug */,
				607FACF11AFB9204008FA782 /* Release */,
			);
			defaultConfigurationIsVisible = 0;
			defaultConfigurationName = Release;
		};
		607FACF21AFB9204008FA782 /* Build configuration list for PBXNativeTarget "Edamame_Tests" */ = {
			isa = XCConfigurationList;
			buildConfigurations = (
				607FACF31AFB9204008FA782 /* Debug */,
				607FACF41AFB9204008FA782 /* Release */,
			);
			defaultConfigurationIsVisible = 0;
			defaultConfigurationName = Release;
		};
/* End XCConfigurationList section */
	};
	rootObject = 607FACC81AFB9204008FA782 /* Project object */;
}
